# This file is automatically @generated by Cargo.
# It is not intended for manual editing.
version = 3

[[package]]
name = "ch02_01"
version = "0.1.0"

[[package]]
name = "ch02_02"
version = "0.1.0"

[[package]]
name = "ch02_03"
version = "0.1.0"

[[package]]
name = "ch02_04"
version = "0.1.0"

[[package]]
name = "ch02_05"
version = "0.1.0"

[[package]]
name = "ch02_06"
version = "0.1.0"

[[package]]
name = "ch02_07"
version = "0.1.0"

[[package]]
name = "ch03_01"
version = "0.1.0"

[[package]]
name = "ch03_04"
version = "0.1.0"

[[package]]
name = "ch04_03"
version = "0.1.0"

[[package]]
name = "ch05_03"
version = "0.1.0"

[[package]]
name = "ch06_03"
version = "0.1.0"

[[package]]
name = "ch07_04"
version = "0.1.0"

[[package]]
name = "ch08_03"
version = "0.1.0"

[[package]]
name = "ch09_03"
version = "0.1.0"

[[package]]
name = "ch10_01"
version = "0.1.0"

[[package]]
name = "ch10_02"
version = "0.1.0"
